<?xml version="1.0" encoding="utf-8"?>
<Project ToolsVersion="4.0" xmlns="http://schemas.microsoft.com/developer/msbuild/2003">
  <ItemGroup>
    <Filter Include="Frameworks">
      <UniqueIdentifier>{deb3dd52-a083-4c55-b72d-3117063a00ba}</UniqueIdentifier>
    </Filter>
    <Filter Include="Scenes">
      <UniqueIdentifier>{e9b94b9d-f7a6-4266-9d13-f92519d3a40f}</UniqueIdentifier>
    </Filter>
    <Filter Include="Map">
      <UniqueIdentifier>{42520ce2-5265-4ca2-9b25-6909adbd5b54}</UniqueIdentifier>
    </Filter>
    <Filter Include="Objects">
      <UniqueIdentifier>{ade01cec-59f4-4ef4-aa78-915e6eced053}</UniqueIdentifier>
    </Filter>
    <Filter Include="Player">
      <UniqueIdentifier>{f8f09e29-d6e3-4890-a79a-0e2a4dd22083}</UniqueIdentifier>
    </Filter>
    <Filter Include="Hidden Objects">
      <UniqueIdentifier>{d6b43887-14c4-4199-a234-261ef22720a2}</UniqueIdentifier>
    </Filter>
    <Filter Include="Enemies">
      <UniqueIdentifier>{c12dded8-ba63-4c14-8cf2-be85543fcc1b}</UniqueIdentifier>
    </Filter>
    <Filter Include="Items">
      <UniqueIdentifier>{99a2bd7f-4459-466c-bc9e-bfe953825048}</UniqueIdentifier>
    </Filter>
    <Filter Include="Weapons">
      <UniqueIdentifier>{4c4bdec0-da4f-438b-a6da-6e06d3d6cf7a}</UniqueIdentifier>
    </Filter>
  </ItemGroup>
  <ItemGroup>
    <ClCompile Include="Animations.cpp">
      <Filter>Frameworks</Filter>
    </ClCompile>
    <ClCompile Include="Game.cpp">
      <Filter>Frameworks</Filter>
    </ClCompile>
    <ClCompile Include="Sprites.cpp">
      <Filter>Frameworks</Filter>
    </ClCompile>
    <ClCompile Include="Textures.cpp">
      <Filter>Frameworks</Filter>
    </ClCompile>
    <ClCompile Include="Utils.cpp">
      <Filter>Frameworks</Filter>
    </ClCompile>
    <ClCompile Include="PlayScence.cpp">
      <Filter>Scenes</Filter>
    </ClCompile>
    <ClCompile Include="Scence.cpp">
      <Filter>Scenes</Filter>
    </ClCompile>
    <ClCompile Include="Brick.cpp">
      <Filter>Objects</Filter>
    </ClCompile>
    <ClCompile Include="Candle.cpp">
      <Filter>Objects</Filter>
    </ClCompile>
    <ClCompile Include="GameObject.cpp">
      <Filter>Objects</Filter>
    </ClCompile>
    <ClCompile Include="ItemBigHeart.cpp">
      <Filter>Items</Filter>
    </ClCompile>
    <ClCompile Include="ItemChain.cpp">
      <Filter>Items</Filter>
    </ClCompile>
    <ClCompile Include="ItemDagger.cpp">
      <Filter>Items</Filter>
    </ClCompile>
    <ClCompile Include="Items.cpp">
      <Filter>Items</Filter>
    </ClCompile>
    <ClCompile Include="Dagger.cpp">
      <Filter>Weapons</Filter>
    </ClCompile>
    <ClCompile Include="Whip.cpp">
      <Filter>Weapons</Filter>
    </ClCompile>
    <ClCompile Include="Simon.cpp">
      <Filter>Player</Filter>
    </ClCompile>
    <ClCompile Include="Tile.cpp">
      <Filter>Map</Filter>
    </ClCompile>
    <ClCompile Include="Portal.cpp">
      <Filter>Hidden Objects</Filter>
    </ClCompile>
    <ClCompile Include="StairBottom.cpp">
      <Filter>Hidden Objects</Filter>
    </ClCompile>
    <ClCompile Include="StairTop.cpp">
      <Filter>Hidden Objects</Filter>
    </ClCompile>
    <ClCompile Include="Bat.cpp">
      <Filter>Enemies</Filter>
    </ClCompile>
    <ClCompile Include="Black_Knight.cpp">
      <Filter>Enemies</Filter>
    </ClCompile>
    <ClCompile Include="ItemBoomerang.cpp">
      <Filter>Items</Filter>
    </ClCompile>
    <ClCompile Include="ItemMoneyBag.cpp">
      <Filter>Items</Filter>
    </ClCompile>
    <ClCompile Include="MovingPlatform.cpp">
      <Filter>Objects</Filter>
    </ClCompile>
    <ClCompile Include="Subweapons.cpp">
      <Filter>Weapons</Filter>
    </ClCompile>
    <ClCompile Include="main.cpp" />
    <ClCompile Include="Boomerang.cpp">
      <Filter>Weapons</Filter>
    </ClCompile>
    <ClCompile Include="BreakWall.cpp">
      <Filter>Objects</Filter>
    </ClCompile>
    <ClCompile Include="WallPieces.cpp" />
  </ItemGroup>
  <ItemGroup>
    <ClInclude Include="Animations.h">
      <Filter>Frameworks</Filter>
    </ClInclude>
    <ClInclude Include="Game.h">
      <Filter>Frameworks</Filter>
    </ClInclude>
    <ClInclude Include="KeyEventHandler.h">
      <Filter>Frameworks</Filter>
    </ClInclude>
    <ClInclude Include="Sprites.h">
      <Filter>Frameworks</Filter>
    </ClInclude>
    <ClInclude Include="Textures.h">
      <Filter>Frameworks</Filter>
    </ClInclude>
    <ClInclude Include="Utils.h">
      <Filter>Frameworks</Filter>
    </ClInclude>
    <ClInclude Include="PlayScence.h">
      <Filter>Scenes</Filter>
    </ClInclude>
    <ClInclude Include="Scence.h">
      <Filter>Scenes</Filter>
    </ClInclude>
    <ClInclude Include="Brick.h">
      <Filter>Objects</Filter>
    </ClInclude>
    <ClInclude Include="Candle.h">
      <Filter>Objects</Filter>
    </ClInclude>
    <ClInclude Include="GameObject.h">
      <Filter>Objects</Filter>
    </ClInclude>
    <ClInclude Include="ItemBigHeart.h">
      <Filter>Items</Filter>
    </ClInclude>
    <ClInclude Include="ItemChain.h">
      <Filter>Items</Filter>
    </ClInclude>
    <ClInclude Include="ItemDagger.h">
      <Filter>Items</Filter>
    </ClInclude>
    <ClInclude Include="Items.h">
      <Filter>Items</Filter>
    </ClInclude>
    <ClInclude Include="Dagger.h">
      <Filter>Weapons</Filter>
    </ClInclude>
    <ClInclude Include="Whip.h">
      <Filter>Weapons</Filter>
    </ClInclude>
    <ClInclude Include="Simon.h">
      <Filter>Player</Filter>
    </ClInclude>
    <ClInclude Include="Tile.h">
      <Filter>Map</Filter>
    </ClInclude>
    <ClInclude Include="Portal.h">
      <Filter>Hidden Objects</Filter>
    </ClInclude>
    <ClInclude Include="StairBottom.h">
      <Filter>Hidden Objects</Filter>
    </ClInclude>
    <ClInclude Include="StairTop.h">
      <Filter>Hidden Objects</Filter>
    </ClInclude>
    <ClInclude Include="Bat.h">
      <Filter>Enemies</Filter>
    </ClInclude>
    <ClInclude Include="Black_Knight.h">
      <Filter>Enemies</Filter>
    </ClInclude>
    <ClInclude Include="ItemBoomerang.h">
      <Filter>Items</Filter>
    </ClInclude>
    <ClInclude Include="ItemMoneyBag.h">
      <Filter>Items</Filter>
    </ClInclude>
    <ClInclude Include="MovingPlatform.h">
      <Filter>Objects</Filter>
    </ClInclude>
    <ClInclude Include="Subweapons.h">
      <Filter>Weapons</Filter>
    </ClInclude>
    <ClInclude Include="Boomerang.h">
      <Filter>Weapons</Filter>
    </ClInclude>
    <ClInclude Include="BreakWall.h">
      <Filter>Objects</Filter>
    </ClInclude>
    <ClInclude Include="WallPieces.h" />
  </ItemGroup>
</Project>